
Microsoft Visual Studio Solution File, Format Version 12.00
# Visual Studio Version 16
VisualStudioVersion = 16.0.30225.117
MinimumVisualStudioVersion = 10.0.40219.1
Project("{8BC9CEB8-8B4A-11D0-8D11-00A0C91BC942}") = "normalStack", "normalStack\normalStack.vcxproj", "{45BE0533-0669-4936-A970-197E3A300F5C}"
EndProject
Global
	GlobalSection(SolutionConfigurationPlatforms) = preSolution
		Debug|x64 = Debug|x64
		Debug|x86 = Debug|x86
		Release|x64 = Release|x64
		Release|x86 = Release|x86
	EndGlobalSection
	GlobalSection(ProjectConfigurationPlatforms) = postSolution
		{45BE0533-0669-4936-A970-197E3A300F5C}.Debug|x64.ActiveCfg = Debug|x64
		{45BE0533-0669-4936-A970-197E3A300F5C}.Debug|x64.Build.0 = Debug|x64
		{45BE0533-0669-4936-A970-197E3A300F5C}.Debug|x86.ActiveCfg = Debug|Win32
		{45BE0533-0669-4936-A970-197E3A300F5C}.Debug|x86.Build.0 = Debug|Win32
		{45BE0533-0669-4936-A970-197E3A300F5C}.Release|x64.ActiveCfg = Release|x64
		{45BE0533-0669-4936-A970-197E3A300F5C}.Release|x64.Build.0 = Release|x64
		{45BE0533-0669-4936-A970-197E3A300F5C}.Release|x86.ActiveCfg = Release|Win32
		{45BE0533-0669-4936-A970-197E3A300F5C}.Release|x86.Build.0 = Release|Win32
	EndGlobalSection
	GlobalSection(SolutionProperties) = preSolution
		HideSolutionNode = FALSE
	EndGlobalSection
	GlobalSection(ExtensibilityGlobals) = postSolution
		SolutionGuid = {7C18A32D-FE67-4785-B440-DA76A0FE9F9A}
	EndGlobalSection
EndGlobal
